
Microsoft Visual Studio Solution File, Format Version 12.00
# Visual Studio Version 17
VisualStudioVersion = 17.0.31903.59
MinimumVisualStudioVersion = 10.0.40219.1
Project("{FAE04EC0-301F-11D3-BF4B-00C04F79EFBC}") = "api", "api\api.csproj", "{1E94549E-F7FB-4FB7-8679-60D030CAEAA2}"
EndProject
Project("{FAE04EC0-301F-11D3-BF4B-00C04F79EFBC}") = "Repository", "Repository\Repository.csproj", "{B27BBB50-ADE9-4F8D-9D8C-72ACB701FD47}"
EndProject
Project("{FAE04EC0-301F-11D3-BF4B-00C04F79EFBC}") = "Entity", "Entity\Entity.csproj", "{423B2A70-403D-4B67-8AF6-C7FB2AD629D8}"
EndProject
Project("{FAE04EC0-301F-11D3-BF4B-00C04F79EFBC}") = "ai", "ai\ai.csproj", "{27B3B34A-79C4-4950-AF14-F4B12D4C8BDF}"
EndProject
Project("{2150E333-8FDC-42A3-9474-1A3956D46DE8}") = "TensorFlowSharp", "TensorFlowSharp", "{4C7986DF-1793-4CD2-B906-26BFE795C2A5}"
EndProject
Project("{FAE04EC0-301F-11D3-BF4B-00C04F79EFBC}") = "TensorFlowSharp", "TensorFlowSharp\TensorFlowSharp\TensorFlowSharp.csproj", "{3029241D-8453-463A-9971-AD2A7BC96B2A}"
EndProject
Global
	GlobalSection(SolutionConfigurationPlatforms) = preSolution
		Debug|Any CPU = Debug|Any CPU
		Release|Any CPU = Release|Any CPU
	EndGlobalSection
	GlobalSection(SolutionProperties) = preSolution
		HideSolutionNode = FALSE
	EndGlobalSection
	GlobalSection(ProjectConfigurationPlatforms) = postSolution
		{1E94549E-F7FB-4FB7-8679-60D030CAEAA2}.Debug|Any CPU.ActiveCfg = Debug|Any CPU
		{1E94549E-F7FB-4FB7-8679-60D030CAEAA2}.Debug|Any CPU.Build.0 = Debug|Any CPU
		{1E94549E-F7FB-4FB7-8679-60D030CAEAA2}.Release|Any CPU.ActiveCfg = Release|Any CPU
		{1E94549E-F7FB-4FB7-8679-60D030CAEAA2}.Release|Any CPU.Build.0 = Release|Any CPU
		{B27BBB50-ADE9-4F8D-9D8C-72ACB701FD47}.Debug|Any CPU.ActiveCfg = Debug|Any CPU
		{B27BBB50-ADE9-4F8D-9D8C-72ACB701FD47}.Debug|Any CPU.Build.0 = Debug|Any CPU
		{B27BBB50-ADE9-4F8D-9D8C-72ACB701FD47}.Release|Any CPU.ActiveCfg = Release|Any CPU
		{B27BBB50-ADE9-4F8D-9D8C-72ACB701FD47}.Release|Any CPU.Build.0 = Release|Any CPU
		{423B2A70-403D-4B67-8AF6-C7FB2AD629D8}.Debug|Any CPU.ActiveCfg = Debug|Any CPU
		{423B2A70-403D-4B67-8AF6-C7FB2AD629D8}.Debug|Any CPU.Build.0 = Debug|Any CPU
		{423B2A70-403D-4B67-8AF6-C7FB2AD629D8}.Release|Any CPU.ActiveCfg = Release|Any CPU
		{423B2A70-403D-4B67-8AF6-C7FB2AD629D8}.Release|Any CPU.Build.0 = Release|Any CPU
		{27B3B34A-79C4-4950-AF14-F4B12D4C8BDF}.Debug|Any CPU.ActiveCfg = Debug|Any CPU
		{27B3B34A-79C4-4950-AF14-F4B12D4C8BDF}.Debug|Any CPU.Build.0 = Debug|Any CPU
		{27B3B34A-79C4-4950-AF14-F4B12D4C8BDF}.Release|Any CPU.ActiveCfg = Release|Any CPU
		{27B3B34A-79C4-4950-AF14-F4B12D4C8BDF}.Release|Any CPU.Build.0 = Release|Any CPU
		{3029241D-8453-463A-9971-AD2A7BC96B2A}.Debug|Any CPU.ActiveCfg = Debug|Any CPU
		{3029241D-8453-463A-9971-AD2A7BC96B2A}.Debug|Any CPU.Build.0 = Debug|Any CPU
		{3029241D-8453-463A-9971-AD2A7BC96B2A}.Release|Any CPU.ActiveCfg = Release|Any CPU
		{3029241D-8453-463A-9971-AD2A7BC96B2A}.Release|Any CPU.Build.0 = Release|Any CPU
	EndGlobalSection
	GlobalSection(NestedProjects) = preSolution
		{3029241D-8453-463A-9971-AD2A7BC96B2A} = {4C7986DF-1793-4CD2-B906-26BFE795C2A5}
	EndGlobalSection
EndGlobal
